
Microsoft Visual Studio Solution File, Format Version 12.00
# Visual Studio Version 16
VisualStudioVersion = 16.0.30114.105
MinimumVisualStudioVersion = 10.0.40219.1
Project("{F2A71F9B-5D33-465A-A702-920D77279786}") = "Homework", "Homework\Homework.fsproj", "{587183E3-7B36-422E-9AEB-5DDAF9E6A01D}"
EndProject
Project("{F2A71F9B-5D33-465A-A702-920D77279786}") = "Homework.Test", "Homework.Test\Homework.Test.fsproj", "{33CB61A5-DEC6-4C5C-A3FD-9E9AC00AE283}"
EndProject
Global
	GlobalSection(SolutionConfigurationPlatforms) = preSolution
		Debug|Any CPU = Debug|Any CPU
		Release|Any CPU = Release|Any CPU
	EndGlobalSection
	GlobalSection(SolutionProperties) = preSolution
		HideSolutionNode = FALSE
	EndGlobalSection
	GlobalSection(ProjectConfigurationPlatforms) = postSolution
		{587183E3-7B36-422E-9AEB-5DDAF9E6A01D}.Debug|Any CPU.ActiveCfg = Debug|Any CPU
		{587183E3-7B36-422E-9AEB-5DDAF9E6A01D}.Debug|Any CPU.Build.0 = Debug|Any CPU
		{587183E3-7B36-422E-9AEB-5DDAF9E6A01D}.Release|Any CPU.ActiveCfg = Release|Any CPU
		{587183E3-7B36-422E-9AEB-5DDAF9E6A01D}.Release|Any CPU.Build.0 = Release|Any CPU
		{33CB61A5-DEC6-4C5C-A3FD-9E9AC00AE283}.Debug|Any CPU.ActiveCfg = Debug|Any CPU
		{33CB61A5-DEC6-4C5C-A3FD-9E9AC00AE283}.Debug|Any CPU.Build.0 = Debug|Any CPU
		{33CB61A5-DEC6-4C5C-A3FD-9E9AC00AE283}.Release|Any CPU.ActiveCfg = Release|Any CPU
		{33CB61A5-DEC6-4C5C-A3FD-9E9AC00AE283}.Release|Any CPU.Build.0 = Release|Any CPU
	EndGlobalSection
EndGlobal
